<?xml version="1.0" encoding="utf-8"?>
<Project ToolsVersion="4.0" xmlns="http://schemas.microsoft.com/developer/msbuild/2003">
  <ItemGroup>
    <Filter Include="rebirth">
      <UniqueIdentifier>{559CF03D-C17B-6FD9-CA93-FAAF36F2D53A}</UniqueIdentifier>
    </Filter>
    <Filter Include="rebirth\events">
      <UniqueIdentifier>{B98A9FD5-A558-93DB-8EEC-03027A596F40}</UniqueIdentifier>
    </Filter>
    <Filter Include="rebirth\platforms">
      <UniqueIdentifier>{FCB12FD1-68C8-2D67-B13F-B9881D95FEEE}</UniqueIdentifier>
    </Filter>
    <Filter Include="rebirth\platforms\windows">
      <UniqueIdentifier>{5630256A-C2F2-58F4-0BA3-E78077A431D2}</UniqueIdentifier>
    </Filter>
  </ItemGroup>
  <ItemGroup>
    <ClInclude Include="src\Rebirth.h" />
    <ClInclude Include="src\rbpch.h" />
    <ClInclude Include="src\rebirth\Application.h">
      <Filter>rebirth</Filter>
    </ClInclude>
    <ClInclude Include="src\rebirth\Core.h">
      <Filter>rebirth</Filter>
    </ClInclude>
    <ClInclude Include="src\rebirth\EntryPoint.h">
      <Filter>rebirth</Filter>
    </ClInclude>
    <ClInclude Include="src\rebirth\Log.h">
      <Filter>rebirth</Filter>
    </ClInclude>
    <ClInclude Include="src\rebirth\Window.h">
      <Filter>rebirth</Filter>
    </ClInclude>
    <ClInclude Include="src\rebirth\events\AppEvent.h">
      <Filter>rebirth\events</Filter>
    </ClInclude>
    <ClInclude Include="src\rebirth\events\Event.h">
      <Filter>rebirth\events</Filter>
    </ClInclude>
    <ClInclude Include="src\rebirth\events\KeyEvent.h">
      <Filter>rebirth\events</Filter>
    </ClInclude>
    <ClInclude Include="src\rebirth\events\MouseEvent.h">
      <Filter>rebirth\events</Filter>
    </ClInclude>
    <ClInclude Include="src\rebirth\platforms\windows\Win64Window.h">
      <Filter>rebirth\platforms\windows</Filter>
    </ClInclude>
    <ClInclude Include="src\rebirth\Layer.h" />
    <ClInclude Include="src\rebirth\LayerStack.h" />
  </ItemGroup>
  <ItemGroup>
    <ClCompile Include="src\rbpch.cpp" />
    <ClCompile Include="src\rebirth\Application.cpp">
      <Filter>rebirth</Filter>
    </ClCompile>
    <ClCompile Include="src\rebirth\Log.cpp">
      <Filter>rebirth</Filter>
    </ClCompile>
    <ClCompile Include="src\rebirth\platforms\windows\Win64Window.cpp">
      <Filter>rebirth\platforms\windows</Filter>
    </ClCompile>
    <ClCompile Include="src\rebirth\Layer.cpp" />
    <ClCompile Include="src\rebirth\LayerStack.cpp" />
  </ItemGroup>
</Project>