<?xml version="1.0" encoding="utf-8"?>
<Project ToolsVersion="4.0" xmlns="http://schemas.microsoft.com/developer/msbuild/2003">
  <ItemGroup>
    <Filter Include="src">
      <UniqueIdentifier>{2DAB880B-99B4-887C-2230-9F7C8E38947C}</UniqueIdentifier>
    </Filter>
    <Filter Include="src\platform">
      <UniqueIdentifier>{41663D6D-2DC9-CC11-D64E-05C8C2909894}</UniqueIdentifier>
    </Filter>
    <Filter Include="src\platform\opengl">
      <UniqueIdentifier>{B57427EB-21D6-04F9-AA43-4BAB16A43BB8}</UniqueIdentifier>
    </Filter>
    <Filter Include="src\platform\windows">
      <UniqueIdentifier>{9B5931A8-87E8-BA71-3007-CF6C1C75CB17}</UniqueIdentifier>
    </Filter>
    <Filter Include="src\rebirth">
      <UniqueIdentifier>{6C9C2A47-D851-A33C-6146-9D13CDFA9940}</UniqueIdentifier>
    </Filter>
    <Filter Include="src\rebirth\events">
      <UniqueIdentifier>{F0AA8333-DC8E-4489-45EF-3EDC31F22E0B}</UniqueIdentifier>
    </Filter>
    <Filter Include="src\rebirth\imgui">
      <UniqueIdentifier>{D64A8DEA-4261-8B80-8BD8-16A2F72D5C08}</UniqueIdentifier>
    </Filter>
  </ItemGroup>
  <ItemGroup>
    <ClInclude Include="src\Rebirth.h">
      <Filter>src</Filter>
    </ClInclude>
    <ClInclude Include="src\platform\opengl\ImguiImpl.h">
      <Filter>src\platform\opengl</Filter>
    </ClInclude>
    <ClInclude Include="src\platform\windows\Win64Input.h">
      <Filter>src\platform\windows</Filter>
    </ClInclude>
    <ClInclude Include="src\platform\windows\Win64Window.h">
      <Filter>src\platform\windows</Filter>
    </ClInclude>
    <ClInclude Include="src\rbpch.h">
      <Filter>src</Filter>
    </ClInclude>
    <ClInclude Include="src\rebirth\Application.h">
      <Filter>src\rebirth</Filter>
    </ClInclude>
    <ClInclude Include="src\rebirth\Core.h">
      <Filter>src\rebirth</Filter>
    </ClInclude>
    <ClInclude Include="src\rebirth\EntryPoint.h">
      <Filter>src\rebirth</Filter>
    </ClInclude>
    <ClInclude Include="src\rebirth\Input.h">
      <Filter>src\rebirth</Filter>
    </ClInclude>
    <ClInclude Include="src\rebirth\KeyCodes.h">
      <Filter>src\rebirth</Filter>
    </ClInclude>
    <ClInclude Include="src\rebirth\Layer.h">
      <Filter>src\rebirth</Filter>
    </ClInclude>
    <ClInclude Include="src\rebirth\LayerStack.h">
      <Filter>src\rebirth</Filter>
    </ClInclude>
    <ClInclude Include="src\rebirth\Log.h">
      <Filter>src\rebirth</Filter>
    </ClInclude>
    <ClInclude Include="src\rebirth\MouseCodes.h">
      <Filter>src\rebirth</Filter>
    </ClInclude>
    <ClInclude Include="src\rebirth\Window.h">
      <Filter>src\rebirth</Filter>
    </ClInclude>
    <ClInclude Include="src\rebirth\events\AppEvent.h">
      <Filter>src\rebirth\events</Filter>
    </ClInclude>
    <ClInclude Include="src\rebirth\events\Event.h">
      <Filter>src\rebirth\events</Filter>
    </ClInclude>
    <ClInclude Include="src\rebirth\events\KeyEvent.h">
      <Filter>src\rebirth\events</Filter>
    </ClInclude>
    <ClInclude Include="src\rebirth\events\MouseEvent.h">
      <Filter>src\rebirth\events</Filter>
    </ClInclude>
    <ClInclude Include="src\rebirth\imgui\ImguiLayer.h">
      <Filter>src\rebirth\imgui</Filter>
    </ClInclude>
  </ItemGroup>
  <ItemGroup>
    <ClCompile Include="src\platform\opengl\ImguiImpl.cpp">
      <Filter>src\platform\opengl</Filter>
    </ClCompile>
    <ClCompile Include="src\platform\windows\Win64Input.cpp">
      <Filter>src\platform\windows</Filter>
    </ClCompile>
    <ClCompile Include="src\platform\windows\Win64Window.cpp">
      <Filter>src\platform\windows</Filter>
    </ClCompile>
    <ClCompile Include="src\rbpch.cpp">
      <Filter>src</Filter>
    </ClCompile>
    <ClCompile Include="src\rebirth\Application.cpp">
      <Filter>src\rebirth</Filter>
    </ClCompile>
    <ClCompile Include="src\rebirth\LayerStack.cpp">
      <Filter>src\rebirth</Filter>
    </ClCompile>
    <ClCompile Include="src\rebirth\Log.cpp">
      <Filter>src\rebirth</Filter>
    </ClCompile>
    <ClCompile Include="src\rebirth\imgui\ImguiLayer.cpp">
      <Filter>src\rebirth\imgui</Filter>
    </ClCompile>
  </ItemGroup>
  <ItemGroup>
    <None Include="..\premake5.lua" />
  </ItemGroup>
</Project>